// !$*UTF8*$!
{
	archiveVersion = 1;
	classes = {
	};
	objectVersion = 46;
	objects = {

/* Begin PBXBuildFile section */
		4A47D6791DD1B426001225DA /* main.m in Sources */ = {isa = PBXBuildFile; fileRef = 4A47D6781DD1B426001225DA /* main.m */; };
		4A47D67C1DD1B426001225DA /* AppDelegate.m in Sources */ = {isa = PBXBuildFile; fileRef = 4A47D67B1DD1B426001225DA /* AppDelegate.m */; };
		4A47D67F1DD1B426001225DA /* ViewController.m in Sources */ = {isa = PBXBuildFile; fileRef = 4A47D67E1DD1B426001225DA /* ViewController.m */; };
		4A47D6821DD1B426001225DA /* Main.storyboard in Resources */ = {isa = PBXBuildFile; fileRef = 4A47D6801DD1B426001225DA /* Main.storyboard */; };
		4A47D6841DD1B426001225DA /* Assets.xcassets in Resources */ = {isa = PBXBuildFile; fileRef = 4A47D6831DD1B426001225DA /* Assets.xcassets */; };
		4A47D6871DD1B426001225DA /* LaunchScreen.storyboard in Resources */ = {isa = PBXBuildFile; fileRef = 4A47D6851DD1B426001225DA /* LaunchScreen.storyboard */; };
		4A47D6901DD1C2B1001225DA /* Contacts.m in Sources */ = {isa = PBXBuildFile; fileRef = 4A47D68F1DD1C2B1001225DA /* Contacts.m */; };
/* End PBXBuildFile section */

/* Begin PBXFileReference section */
		4A47D6741DD1B426001225DA /* ContactsDemo.app */ = {isa = PBXFileReference; explicitFileType = wrapper.application; includeInIndex = 0; path = ContactsDemo.app; sourceTree = BUILT_PRODUCTS_DIR; };
		4A47D6781DD1B426001225DA /* main.m */ = {isa = PBXFileReference; lastKnownFileType = sourcecode.c.objc; path = main.m; sourceTree = "<group>"; };
		4A47D67A1DD1B426001225DA /* AppDelegate.h */ = {isa = PBXFileReference; lastKnownFileType = sourcecode.c.h; path = AppDelegate.h; sourceTree = "<group>"; };
		4A47D67B1DD1B426001225DA /* AppDelegate.m */ = {isa = PBXFileReference; lastKnownFileType = sourcecode.c.objc; path = AppDelegate.m; sourceTree = "<group>"; };
		4A47D67D1DD1B426001225DA /* ViewController.h */ = {isa = PBXFileReference; lastKnownFileType = sourcecode.c.h; path = ViewController.h; sourceTree = "<group>"; };
		4A47D67E1DD1B426001225DA /* ViewController.m */ = {isa = PBXFileReference; lastKnownFileType = sourcecode.c.objc; path = ViewController.m; sourceTree = "<group>"; };
		4A47D6811DD1B426001225DA /* Base */ = {isa = PBXFileReference; lastKnownFileType = file.storyboard; name = Base; path = Base.lproj/Main.storyboard; sourceTree = "<group>"; };
		4A47D6831DD1B426001225DA /* Assets.xcassets */ = {isa = PBXFileReference; lastKnownFileType = folder.assetcatalog; path = Assets.xcassets; sourceTree = "<group>"; };
		4A47D6861DD1B426001225DA /* Base */ = {isa = PBXFileReference; lastKnownFileType = file.storyboard; name = Base; path = Base.lproj/LaunchScreen.storyboard; sourceTree = "<group>"; };
		4A47D6881DD1B426001225DA /* Info.plist */ = {isa = PBXFileReference; lastKnownFileType = text.plist.xml; path = Info.plist; sourceTree = "<group>"; };
		4A47D68E1DD1C2B1001225DA /* Contacts.h */ = {isa = PBXFileReference; fileEncoding = 4; lastKnownFileType = sourcecode.c.h; path = Contacts.h; sourceTree = "<group>"; };
		4A47D68F1DD1C2B1001225DA /* Contacts.m */ = {isa = PBXFileReference; fileEncoding = 4; lastKnownFileType = sourcecode.c.objc; path = Contacts.m; sourceTree = "<group>"; };
/* End PBXFileReference section */

/* Begin PBXFrameworksBuildPhase section */
		4A47D6711DD1B426001225DA /* Frameworks */ = {
			isa = PBXFrameworksBuildPhase;
			buildActionMask = 2147483647;
			files = (
			);
			runOnlyForDeploymentPostprocessing = 0;
		};
/* End PBXFrameworksBuildPhase section */

/* Begin PBXGroup section */
		4A47D66B1DD1B426001225DA = {
			isa = PBXGroup;
			children = (
				4A47D6761DD1B426001225DA /* ContactsDemo */,
				4A47D6751DD1B426001225DA /* Products */,
			);
			sourceTree = "<group>";
		};
		4A47D6751DD1B426001225DA /* Products */ = {
			isa = PBXGroup;
			children = (
				4A47D6741DD1B426001225DA /* ContactsDemo.app */,
			);
			name = Products;
			sourceTree = "<group>";
		};
		4A47D6761DD1B426001225DA /* ContactsDemo */ = {
			isa = PBXGroup;
			children = (
				4A47D67A1DD1B426001225DA /* AppDelegate.h */,
				4A47D67B1DD1B426001225DA /* AppDelegate.m */,
				4A47D67D1DD1B426001225DA /* ViewController.h */,
				4A47D67E1DD1B426001225DA /* ViewController.m */,
				4A47D68E1DD1C2B1001225DA /* Contacts.h */,
				4A47D68F1DD1C2B1001225DA /* Contacts.m */,
				4A47D6801DD1B426001225DA /* Main.storyboard */,
				4A47D6831DD1B426001225DA /* Assets.xcassets */,
				4A47D6851DD1B426001225DA /* LaunchScreen.storyboard */,
				4A47D6881DD1B426001225DA /* Info.plist */,
				4A47D6771DD1B426001225DA /* Supporting Files */,
			);
			path = ContactsDemo;
			sourceTree = "<group>";
		};
		4A47D6771DD1B426001225DA /* Supporting Files */ = {
			isa = PBXGroup;
			children = (
				4A47D6781DD1B426001225DA /* main.m */,
			);
			name = "Supporting Files";
			sourceTree = "<group>";
		};
/* End PBXGroup section */

/* Begin PBXNativeTarget section */
		4A47D6731DD1B426001225DA /* ContactsDemo */ = {
			isa = PBXNativeTarget;
			buildConfigurationList = 4A47D68B1DD1B426001225DA /* Build configuration list for PBXNativeTarget "ContactsDemo" */;
			buildPhases = (
				4A47D6701DD1B426001225DA /* Sources */,
				4A47D6711DD1B426001225DA /* Frameworks */,
				4A47D6721DD1B426001225DA /* Resources */,
			);
			buildRules = (
			);
			dependencies = (
			);
			name = ContactsDemo;
			productName = ContactsDemo;
			productReference = 4A47D6741DD1B426001225DA /* ContactsDemo.app */;
			productType = "com.apple.product-type.application";
		};
/* End PBXNativeTarget section */

/* Begin PBXProject section */
		4A47D66C1DD1B426001225DA /* Project object */ = {
			isa = PBXProject;
			attributes = {
				LastUpgradeCheck = 0810;
				ORGANIZATIONNAME = CZ;
				TargetAttributes = {
					4A47D6731DD1B426001225DA = {
						CreatedOnToolsVersion = 8.1;
						ProvisioningStyle = Automatic;
					};
				};
			};
			buildConfigurationList = 4A47D66F1DD1B426001225DA /* Build configuration list for PBXProject "ContactsDemo" */;
			compatibilityVersion = "Xcode 3.2";
			developmentRegion = English;
			hasScannedForEncodings = 0;
			knownRegions = (
				en,
				Base,
			);
			mainGroup = 4A47D66B1DD1B426001225DA;
			productRefGroup = 4A47D6751DD1B426001225DA /* Products */;
			projectDirPath = "";
			projectRoot = "";
			targets = (
				4A47D6731DD1B426001225DA /* ContactsDemo */,
			);
		};
/* End PBXProject section */

/* Begin PBXResourcesBuildPhase section */
		4A47D6721DD1B426001225DA /* Resources */ = {
			isa = PBXResourcesBuildPhase;
			buildActionMask = 2147483647;
			files = (
				4A47D6871DD1B426001225DA /* LaunchScreen.storyboard in Resources */,
				4A47D6841DD1B426001225DA /* Assets.xcassets in Resources */,
				4A47D6821DD1B426001225DA /* Main.storyboard in Resources */,
			);
			runOnlyForDeploymentPostprocessing = 0;
		};
/* End PBXResourcesBuildPhase section */

/* Begin PBXSourcesBuildPhase section */
		4A47D6701DD1B426001225DA /* Sources */ = {
			isa = PBXSourcesBuildPhase;
			buildActionMask = 2147483647;
			files = (
				4A47D6901DD1C2B1001225DA /* Contacts.m in Sources */,
				4A47D67F1DD1B426001225DA /* ViewController.m in Sources */,
				4A47D67C1DD1B426001225DA /* AppDelegate.m in Sources */,
				4A47D6791DD1B426001225DA /* main.m in Sources */,
			);
			runOnlyForDeploymentPostprocessing = 0;
		};
/* End PBXSourcesBuildPhase section */

/* Begin PBXVariantGroup section */
		4A47D6801DD1B426001225DA /* Main.storyboard */ = {
			isa = PBXVariantGroup;
			children = (
				4A47D6811DD1B426001225DA /* Base */,
			);
			name = Main.storyboard;
			sourceTree = "<group>";
		};
		4A47D6851DD1B426001225DA /* LaunchScreen.storyboard */ = {
			isa = PBXVariantGroup;
			children = (
				4A47D6861DD1B426001225DA /* Base */,
			);
			name = LaunchScreen.storyboard;
			sourceTree = "<group>";
		};
/* End PBXVariantGroup section */

/* Begin XCBuildConfiguration section */
		4A47D6891DD1B426001225DA /* Debug */ = {
			isa = XCBuildConfiguration;
			buildSettings = {
				ALWAYS_SEARCH_USER_PATHS = NO;
				CLANG_ANALYZER_NONNULL = YES;
				CLANG_CXX_LANGUAGE_STANDARD = "gnu++0x";
				CLANG_CXX_LIBRARY = "libc++";
				CLANG_ENABLE_MODULES = YES;
				CLANG_ENABLE_OBJC_ARC = YES;
				CLANG_WARN_BOOL_CONVERSION = YES;
				CLANG_WARN_CONSTANT_CONVERSION = YES;
				CLANG_WARN_DIRECT_OBJC_ISA_USAGE = YES_ERROR;
				CLANG_WARN_DOCUMENTATION_COMMENTS = YES;
				CLANG_WARN_EMPTY_BODY = YES;
				CLANG_WARN_ENUM_CONVERSION = YES;
				CLANG_WARN_INFINITE_RECURSION = YES;
				CLANG_WARN_INT_CONVERSION = YES;
				CLANG_WARN_OBJC_ROOT_CLASS = YES_ERROR;
				CLANG_WARN_SUSPICIOUS_MOVES = YES;
				CLANG_WARN_UNREACHABLE_CODE = YES;
				CLANG_WARN__DUPLICATE_METHOD_MATCH = YES;
				"CODE_SIGN_IDENTITY[sdk=iphoneos*]" = "iPhone Developer";
				COPY_PHASE_STRIP = NO;
				DEBUG_INFORMATION_FORMAT = dwarf;
				ENABLE_STRICT_OBJC_MSGSEND = YES;
				ENABLE_TESTABILITY = YES;
				GCC_C_LANGUAGE_STANDARD = gnu99;
				GCC_DYNAMIC_NO_PIC = NO;
				GCC_NO_COMMON_BLOCKS = YES;
				GCC_OPTIMIZATION_LEVEL = 0;
				GCC_PREPROCESSOR_DEFINITIONS = (
					"DEBUG=1",
					"$(inherited)",
				);
				GCC_WARN_64_TO_32_BIT_CONVERSION = YES;
				GCC_WARN_ABOUT_RETURN_TYPE = YES_ERROR;
				GCC_WARN_UNDECLARED_SELECTOR = YES;
				GCC_WARN_UNINITIALIZED_AUTOS = YES_AGGRESSIVE;
				GCC_WARN_UNUSED_FUNCTION = YES;
				GCC_WARN_UNUSED_VARIABLE = YES;
				IPHONEOS_DEPLOYMENT_TARGET = 10.1;
				MTL_ENABLE_DEBUG_INFO = YES;
				ONLY_ACTIVE_ARCH = YES;
				SDKROOT = iphoneos;
				TARGETED_DEVICE_FAMILY = "1,2";
			};
			name = Debug;
		};
		4A47D68A1DD1B426001225DA /* Release */ = {
			isa = XCBuildConfiguration;
			buildSettings = {
				ALWAYS_SEARCH_USER_PATHS = NO;
				CLANG_ANALYZER_NONNULL = YES;
				CLANG_CXX_LANGUAGE_STANDARD = "gnu++0x";
				CLANG_CXX_LIBRARY = "libc++";
				CLANG_ENABLE_MODULES = YES;
				CLANG_ENABLE_OBJC_ARC = YES;
				CLANG_WARN_BOOL_CONVERSION = YES;
				CLANG_WARN_CONSTANT_CONVERSION = YES;
				CLANG_WARN_DIRECT_OBJC_ISA_USAGE = YES_ERROR;
				CLANG_WARN_DOCUMENTATION_COMMENTS = YES;
				CLANG_WARN_EMPTY_BODY = YES;
				CLANG_WARN_ENUM_CONVERSION = YES;
				CLANG_WARN_INFINITE_RECURSION = YES;
				CLANG_WARN_INT_CONVERSION = YES;
				CLANG_WARN_OBJC_ROOT_CLASS = YES_ERROR;
				CLANG_WARN_SUSPICIOUS_MOVES = YES;
				CLANG_WARN_UNREACHABLE_CODE = YES;
				CLANG_WARN__DUPLICATE_METHOD_MATCH = YES;
				"CODE_SIGN_IDENTITY[sdk=iphoneos*]" = "iPhone Developer";
				COPY_PHASE_STRIP = NO;
				DEBUG_INFORMATION_FORMAT = "dwarf-with-dsym";
				ENABLE_NS_ASSERTIONS = NO;
				ENABLE_STRICT_OBJC_MSGSEND = YES;
				GCC_C_LANGUAGE_STANDARD = gnu99;
				GCC_NO_COMMON_BLOCKS = YES;
				GCC_WARN_64_TO_32_BIT_CONVERSION = YES;
				GCC_WARN_ABOUT_RETURN_TYPE = YES_ERROR;
				GCC_WARN_UNDECLARED_SELECTOR = YES;
				GCC_WARN_UNINITIALIZED_AUTOS = YES_AGGRESSIVE;
				GCC_WARN_UNUSED_FUNCTION = YES;
				GCC_WARN_UNUSED_VARIABLE = YES;
				IPHONEOS_DEPLOYMENT_TARGET = 10.1;
				MTL_ENABLE_DEBUG_INFO = NO;
				SDKROOT = iphoneos;
				TARGETED_DEVICE_FAMILY = "1,2";
				VALIDATE_PRODUCT = YES;
			};
			name = Release;
		};
		4A47D68C1DD1B426001225DA /* Debug */ = {
			isa = XCBuildConfiguration;
			buildSettings = {
				ASSETCATALOG_COMPILER_APPICON_NAME = AppIcon;
				INFOPLIST_FILE = ContactsDemo/Info.plist;
				IPHONEOS_DEPLOYMENT_TARGET = 9.0;
				LD_RUNPATH_SEARCH_PATHS = "$(inherited) @executable_path/Frameworks";
				PRODUCT_BUNDLE_IDENTIFIER = cz.ContactsDemo;
				PRODUCT_NAME = "$(TARGET_NAME)";
			};
			name = Debug;
		};
		4A47D68D1DD1B426001225DA /* Release */ = {
			isa = XCBuildConfiguration;
			buildSettings = {
				ASSETCATALOG_COMPILER_APPICON_NAME = AppIcon;
				INFOPLIST_FILE = ContactsDemo/Info.plist;
				IPHONEOS_DEPLOYMENT_TARGET = 9.0;
				LD_RUNPATH_SEARCH_PATHS = "$(inherited) @executable_path/Frameworks";
				PRODUCT_BUNDLE_IDENTIFIER = cz.ContactsDemo;
				PRODUCT_NAME = "$(TARGET_NAME)";
			};
			name = Release;
		};
/* End XCBuildConfiguration section */

/* Begin XCConfigurationList section */
		4A47D66F1DD1B426001225DA /* Build configuration list for PBXProject "ContactsDemo" */ = {
			isa = XCConfigurationList;
			buildConfigurations = (
				4A47D6891DD1B426001225DA /* Debug */,
				4A47D68A1DD1B426001225DA /* Release */,
			);
			defaultConfigurationIsVisible = 0;
			defaultConfigurationName = Release;
		};
		4A47D68B1DD1B426001225DA /* Build configuration list for PBXNativeTarget "ContactsDemo" */ = {
			isa = XCConfigurationList;
			buildConfigurations = (
				4A47D68C1DD1B426001225DA /* Debug */,
				4A47D68D1DD1B426001225DA /* Release */,
			);
			defaultConfigurationIsVisible = 0;
		};
/* End XCConfigurationList section */
	};
	rootObject = 4A47D66C1DD1B426001225DA /* Project object */;
}
